{
    "_meta": {
        "hash": {
            "sha256": "fd061fe9e3321848d8168f570f70404bb87cf66aedc718cdf8284738dbe82491"
        },
        "pipfile-spec": 6,
        "requires": {
            "python_version": "3.6"
        },
        "sources": [
            {
                "name": "pypi",
                "url": "https://pypi.org/simple",
                "verify_ssl": true
            }
        ]
    },
    "default": {
        "certifi": {
            "hashes": [
                "sha256:13e698f54293db9f89122b0581843a782ad0934a4fe0172d2a980ba77fc61bb7",
                "sha256:9fa520c1bacfb634fa7af20a76bcbd3d5fb390481724c597da32c719a7dca4b0"
            ],
            "version": "==2018.4.16"
        },
        "chardet": {
            "hashes": [
                "sha256:84ab92ed1c4d4f16916e05906b6b75a6c0fb5db821cc65e70cbd64a3e2a5eaae",
                "sha256:fc323ffcaeaed0e0a02bf4d117757b98aed530d9ed4531e3e15460124c106691"
            ],
            "version": "==3.0.4"
        },
        "idna": {
            "hashes": [
                "sha256:156a6814fb5ac1fc6850fb002e0852d56c0c8d2531923a51032d1b70760e186e",
                "sha256:684a38a6f903c1d71d6d5fac066b58d7768af4de2b832e426ec79c30daa94a16"
            ],
            "version": "==2.7"
        },
        "pyyaml": {
            "hashes": [
                "sha256:a9b322285f419429402d5ce15e8f6d5c7a64f659eb87251af8b35c106f00a8e3"
            ],
            "version": "==4.1"
        },
        "requests": {
            "hashes": [
                "sha256:63b52e3c866428a224f97cab011de738c36aec0185aa91cfacd418b5d58911d1",
                "sha256:ec22d826a36ed72a7358ff3fe56cbd4ba69dd7a6718ffd450ff0e9df7a47ce6a"
            ],
            "version": "==2.19.1"
        },
        "ruamel.yaml": {
            "hashes": [
                "sha256:05469efbe07bc3e9eba502e75a9aeba5562f637ed9e150e3f2cc225963397d6c",
                "sha256:0a6aebe7c88be62837a36f63623926b3f533fa85eed15f3602b11629c543ebcf",
                "sha256:35a5282f4d569c60a512d58a5ef1f67476e28499f38aed448237e6f6e722f372",
                "sha256:420a8bd6ddf6410d71c8712d64f6d171de78e3013c00dfab7c64c6d054df7bf2",
                "sha256:4576b346e86deeebb80eb1b89753f805d9781cfe6111ba4d268f45d2693c8270",
                "sha256:71c3ca379c9089d4840f32dab8c4966cc9151aa44dc06249557f7f51d1b82a33",
                "sha256:8c8eff14f355035c0e87e0afdaeb7c46e04743421b48bc4f13de898365487ee0",
                "sha256:9902dec5f157a063cc3cb2736286ec6f971a695c6bf3984ecaebce9a4e4241cf",
                "sha256:9ccdb5cdd611f19558ac0f950f9798362a91a92e5f7df8d82e99c4027321b6af",
                "sha256:c2ef2f00fa4bd5e5ab8028dad21ddc13ad830fb737cf4b9288733518704984ce",
                "sha256:c7120afc6fa76d81cc01beeb578cb28ad9fa7256dbb7c7b9b16ba5c6be69df52",
                "sha256:cce46eb7dfba6aa61548e589719c8f24d30d38d106e7487ee102a807f4cca579",
                "sha256:e15be9dd56fd22df920152f41c45de1f4060731a9ebfc725441312474216c7da"
            ],
            "index": "pypi",
            "version": "==0.15.41"
        },
        "six": {
            "hashes": [
                "sha256:70e8a77beed4562e7f14fe23a786b54f6296e34344c23bc42f07b15018ff98e9",
                "sha256:832dc0e10feb1aa2c68dcc57dbb658f1c7e65b9b61af69048abc87a2db00a0eb"
            ],
            "version": "==1.11.0"
        },
        "spotipy": {
            "editable": true,
            "git": "https://github.com/plamere/spotipy.git"
        },
        "urllib3": {
            "hashes": [
                "sha256:a68ac5e15e76e7e5dd2b8f94007233e01effe3e50e8daddf69acfd81cb686baf",
                "sha256:b5725a0bd4ba422ab0e66e89e030c806576753ea3ee08554382c14e685d117b5"
            ],
            "version": "==1.23"
        },
        "yamlreader": {
            "hashes": [
                "sha256:765688036d57104ac26e4500ab088d42f4f2d06687ce3daa26543d7ae38c2470"
            ],
            "index": "pypi",
            "version": "==3.0.4"
        }
    },
    "develop": {}
}
